
Microsoft Visual Studio Solution File, Format Version 12.00
# Visual Studio Version 17
VisualStudioVersion = 17.4.33205.214
MinimumVisualStudioVersion = 10.0.40219.1
Project("{FAE04EC0-301F-11D3-BF4B-00C04F79EFBC}") = "usbip-tunnel", "usbip-tunnel.csproj", "{FBE97696-B7C9-4FA1-B45C-41547CE443EE}"
EndProject
Global
	GlobalSection(SolutionConfigurationPlatforms) = preSolution
		Debug|Any CPU = Debug|Any CPU
		Release|Any CPU = Release|Any CPU
	EndGlobalSection
	GlobalSection(ProjectConfigurationPlatforms) = postSolution
		{FBE97696-B7C9-4FA1-B45C-41547CE443EE}.Debug|Any CPU.ActiveCfg = Debug|Any CPU
		{FBE97696-B7C9-4FA1-B45C-41547CE443EE}.Debug|Any CPU.Build.0 = Debug|Any CPU
		{FBE97696-B7C9-4FA1-B45C-41547CE443EE}.Release|Any CPU.ActiveCfg = Release|Any CPU
		{FBE97696-B7C9-4FA1-B45C-41547CE443EE}.Release|Any CPU.Build.0 = Release|Any CPU
	EndGlobalSection
	GlobalSection(SolutionProperties) = preSolution
		HideSolutionNode = FALSE
	EndGlobalSection
	GlobalSection(ExtensibilityGlobals) = postSolution
		SolutionGuid = {838B1884-DE99-4FA8-B6A6-F0F1CA70FBFC}
	EndGlobalSection
EndGlobal
